
Microsoft Visual Studio Solution File, Format Version 12.00
# Visual Studio Version 16
VisualStudioVersion = 16.0.30330.147
MinimumVisualStudioVersion = 10.0.40219.1
Project("{FAE04EC0-301F-11D3-BF4B-00C04F79EFBC}") = "COMPX519_Assignment2_ASPWebForm", "WebApplicationForTest\COMPX519_Assignment2_ASPWebForm.csproj", "{102D99B3-7C47-47C1-9A12-9FC96CF16F7F}"
EndProject
Global
	GlobalSection(SolutionConfigurationPlatforms) = preSolution
		Debug|Any CPU = Debug|Any CPU
		Release|Any CPU = Release|Any CPU
	EndGlobalSection
	GlobalSection(ProjectConfigurationPlatforms) = postSolution
		{102D99B3-7C47-47C1-9A12-9FC96CF16F7F}.Debug|Any CPU.ActiveCfg = Debug|Any CPU
		{102D99B3-7C47-47C1-9A12-9FC96CF16F7F}.Debug|Any CPU.Build.0 = Debug|Any CPU
		{102D99B3-7C47-47C1-9A12-9FC96CF16F7F}.Release|Any CPU.ActiveCfg = Release|Any CPU
		{102D99B3-7C47-47C1-9A12-9FC96CF16F7F}.Release|Any CPU.Build.0 = Release|Any CPU
	EndGlobalSection
	GlobalSection(SolutionProperties) = preSolution
		HideSolutionNode = FALSE
	EndGlobalSection
	GlobalSection(ExtensibilityGlobals) = postSolution
		SolutionGuid = {90404ECD-A17B-4C18-9084-E9F4118E53A8}
	EndGlobalSection
EndGlobal
